{"version":4,"terraform_version":"1.11.4","serial":1,"lineage":"c2301932-de34-487b-8c32-f0b157921419","outputs":{"dynamotablename":{"value":"postagram","type":"string"}},"resources":[{"mode":"data","type":"archive_file","name":"lambda_dir","provider":"provider[\"registry.opentofu.org/hashicorp/archive\"]","instances":[{"schema_version":0,"attributes":{"exclude_symlink_directories":null,"excludes":null,"id":"221bf61377dbb4aa9a805d26067fd6f87c21dc61","output_base64sha256":"/H1ZIp3+gUsYdf4WhMGmiE7VP3KylSKXrzuqzjsutFY=","output_base64sha512":"j+z+9UYoivABpcSOat+S4Bwe4umz9yTewFl8Dyi9ovOLdiLNpeobbrvrvEDoZZRW+jThZtoYyukO+MjrSIFiKQ==","output_file_mode":null,"output_md5":"6d1aef8800a3bef1c2ba0ab2c44504e1","output_path":"./output/function.zip","output_sha":"221bf61377dbb4aa9a805d26067fd6f87c21dc61","output_sha256":"fc7d59229dfe814b1875fe1684c1a6884ed53f72b2952297af3baace3b2eb456","output_sha512":"8fecfef546288af001a5c48e6adf92e01c1ee2e9b3f724dec0597c0f28bda2f38b7622cda5ea1b6ebbebbc40e8659456fa34e166da18cae90ef8c8eb48816229","output_size":749,"source":[],"source_content":null,"source_content_filename":null,"source_dir":"./lambda","source_file":null,"type":"zip"},"sensitive_attributes":[]}]},{"mode":"data","type":"aws_caller_identity","name":"current","provider":"provider[\"registry.opentofu.org/hashicorp/aws\"]","instances":[{"schema_version":0,"attributes":{"account_id":"270269785879","arn":"arn:aws:iam::270269785879:user/Monelson","id":"270269785879","user_id":"AIDAT53KVU4L3ERMNZA7H"},"sensitive_attributes":[]}]},{"mode":"data","type":"aws_subnets","name":"default","provider":"provider[\"registry.opentofu.org/hashicorp/aws\"]","instances":[{"schema_version":0,"attributes":{"filter":[{"name":"vpc-id","values":["vpc-0c9fa93efd3c35ea5"]}],"id":"us-east-1","ids":["subnet-0d893ac96f8ceb89e","subnet-0adeecfa3c9ce5e0c","subnet-0fa4b1f601cb74956","subnet-030999210332b4565","subnet-02d9051476d20ae9a","subnet-00536e14860d290d4"],"tags":null,"timeouts":null},"sensitive_attributes":[]}]},{"mode":"data","type":"aws_vpc","name":"default","provider":"provider[\"registry.opentofu.org/hashicorp/aws\"]","instances":[{"schema_version":0,"attributes":{"arn":"arn:aws:ec2:us-east-1:270269785879:vpc/vpc-0c9fa93efd3c35ea5","cidr_block":"172.31.0.0/16","cidr_block_associations":[{"association_id":"vpc-cidr-assoc-0f534751c7d158b79","cidr_block":"172.31.0.0/16","state":"associated"}],"default":true,"dhcp_options_id":"dopt-0480444c8d1031774","enable_dns_hostnames":true,"enable_dns_support":true,"enable_network_address_usage_metrics":false,"filter":null,"id":"vpc-0c9fa93efd3c35ea5","instance_tenancy":"default","ipv6_association_id":"","ipv6_cidr_block":"","main_route_table_id":"rtb-01c9b6e15ed2d63f4","owner_id":"270269785879","state":null,"tags":{},"timeouts":null},"sensitive_attributes":[]}]},{"mode":"managed","type":"aws_security_group","name":"web_sg","provider":"provider[\"registry.opentofu.org/hashicorp/aws\"]","instances":[{"schema_version":1,"attributes":{"arn":"arn:aws:ec2:us-east-1:270269785879:security-group/sg-0aa512730ca6a12a8","description":"Autorise SSH et HTTP  en entree, tout en sortie","egress":[{"cidr_blocks":["0.0.0.0/0"],"description":"Tout trafic sortant","from_port":0,"ipv6_cidr_blocks":[],"prefix_list_ids":[],"protocol":"-1","security_groups":[],"self":false,"to_port":0}],"id":"sg-0aa512730ca6a12a8","ingress":[{"cidr_blocks":["0.0.0.0/0"],"description":"HTTP","from_port":80,"ipv6_cidr_blocks":[],"prefix_list_ids":[],"protocol":"tcp","security_groups":[],"self":false,"to_port":80},{"cidr_blocks":["0.0.0.0/0"],"description":"SSH","from_port":22,"ipv6_cidr_blocks":[],"prefix_list_ids":[],"protocol":"tcp","security_groups":[],"self":false,"to_port":22}],"name":"tp-note","name_prefix":"","owner_id":"270269785879","revoke_rules_on_delete":false,"tags":{"Name":"web-sg"},"tags_all":{"Name":"web-sg"},"timeouts":null,"vpc_id":"vpc-0c9fa93efd3c35ea5"},"sensitive_attributes":[],"private":"eyJlMmJmYjczMC1lY2FhLTExZTYtOGY4OC0zNDM2M2JjN2M0YzAiOnsiY3JlYXRlIjo2MDAwMDAwMDAwMDAsImRlbGV0ZSI6OTAwMDAwMDAwMDAwfSwic2NoZW1hX3ZlcnNpb24iOiIxIn0=","dependencies":["data.aws_vpc.default"]}]},{"mode":"managed","type":"aws_security_group_rule","name":"allow_8080","provider":"provider[\"registry.opentofu.org/hashicorp/aws\"]","instances":[{"schema_version":2,"attributes":{"cidr_blocks":["0.0.0.0/0"],"description":null,"from_port":8080,"id":"sgrule-4066958300","ipv6_cidr_blocks":null,"prefix_list_ids":null,"protocol":"tcp","security_group_id":"sg-0aa512730ca6a12a8","security_group_rule_id":"sgr-0ca8f22cb0cc3a0be","self":false,"source_security_group_id":null,"timeouts":null,"to_port":8080,"type":"ingress"},"sensitive_attributes":[],"private":"eyJlMmJmYjczMC1lY2FhLTExZTYtOGY4OC0zNDM2M2JjN2M0YzAiOnsiY3JlYXRlIjozMDAwMDAwMDAwMDB9LCJzY2hlbWFfdmVyc2lvbiI6IjIifQ==","dependencies":["aws_security_group.web_sg","data.aws_vpc.default"]}]}],"check_results":null}
