{"version":4,"terraform_version":"1.11.6","serial":3,"lineage":"ef91e1d6-c123-4777-125f-3009e594aaf5","outputs":{"bucketname":{"value":"postagram-20260426214517188700000001","type":"string"},"dynamotablename":{"value":"postagram","type":"string"},"load_balancer_dns_name":{"value":"web-alb-1334916391.us-east-1.elb.amazonaws.com","type":"string"}},"resources":[{"mode":"data","type":"archive_file","name":"lambda_dir","provider":"provider[\"registry.opentofu.org/hashicorp/archive\"]","instances":[{"schema_version":0,"attributes":{"exclude_symlink_directories":null,"excludes":null,"id":"e3ad59b7beeda085aec6403ea1b809a0dc98f02c","output_base64sha256":"bvUoaC5YzohOZ+pqKOtjOrb/hx4Uckx7IGUu14MvQNs=","output_base64sha512":"VT6dSIZjpYRTvXiSHrUPHI3EE/t/ApDesU3fs01So+cGvO8/P311mxGYdr/SR6N2BYSAQN5kkC/vxVXV331yfw==","output_file_mode":null,"output_md5":"fe2521817cb41ab65085fdffecf3cc87","output_path":"./output/function.zip","output_sha":"e3ad59b7beeda085aec6403ea1b809a0dc98f02c","output_sha256":"6ef528682e58ce884e67ea6a28eb633ab6ff871e14724c7b20652ed7832f40db","output_sha512":"553e9d488663a58453bd78921eb50f1c8dc413fb7f0290deb14ddfb34d52a3e706bcef3f3f7d759b119876bfd247a37605848040de64902fefc555d5df7d727f","output_size":759,"source":[],"source_content":null,"source_content_filename":null,"source_dir":"./lambda","source_file":null,"type":"zip"},"sensitive_attributes":[]}]},{"mode":"data","type":"aws_caller_identity","name":"current","provider":"provider[\"registry.opentofu.org/hashicorp/aws\"]","instances":[{"schema_version":0,"attributes":{"account_id":"270269785879","arn":"arn:aws:iam::270269785879:user/Monelson","id":"270269785879","user_id":"AIDAT53KVU4L3ERMNZA7H"},"sensitive_attributes":[]}]},{"mode":"data","type":"aws_subnets","name":"default","provider":"provider[\"registry.opentofu.org/hashicorp/aws\"]","instances":[{"schema_version":0,"attributes":{"filter":[{"name":"vpc-id","values":["vpc-0c9fa93efd3c35ea5"]}],"id":"us-east-1","ids":["subnet-0d893ac96f8ceb89e","subnet-0adeecfa3c9ce5e0c","subnet-0fa4b1f601cb74956","subnet-030999210332b4565","subnet-02d9051476d20ae9a","subnet-00536e14860d290d4"],"tags":null,"timeouts":null},"sensitive_attributes":[]}]},{"mode":"data","type":"aws_vpc","name":"default","provider":"provider[\"registry.opentofu.org/hashicorp/aws\"]","instances":[{"schema_version":0,"attributes":{"arn":"arn:aws:ec2:us-east-1:270269785879:vpc/vpc-0c9fa93efd3c35ea5","cidr_block":"172.31.0.0/16","cidr_block_associations":[{"association_id":"vpc-cidr-assoc-0f534751c7d158b79","cidr_block":"172.31.0.0/16","state":"associated"}],"default":true,"dhcp_options_id":"dopt-0480444c8d1031774","enable_dns_hostnames":true,"enable_dns_support":true,"enable_network_address_usage_metrics":false,"filter":null,"id":"vpc-0c9fa93efd3c35ea5","instance_tenancy":"default","ipv6_association_id":"","ipv6_cidr_block":"","main_route_table_id":"rtb-01c9b6e15ed2d63f4","owner_id":"270269785879","state":null,"tags":{},"timeouts":null},"sensitive_attributes":[]}]},{"mode":"managed","type":"aws_autoscaling_group","name":"web_asg","provider":"provider[\"registry.opentofu.org/hashicorp/aws\"]","instances":[{"schema_version":1,"attributes":{"arn":"arn:aws:autoscaling:us-east-1:270269785879:autoScalingGroup:22c68acf-29d7-40eb-ab54-b8569d98a483:autoScalingGroupName/terraform-2026042621453127880000000c","availability_zone_distribution":[{"capacity_distribution_strategy":"balanced-best-effort"}],"availability_zones":["us-east-1a","us-east-1b","us-east-1c","us-east-1d","us-east-1e","us-east-1f"],"capacity_rebalance":false,"capacity_reservation_specification":[{"capacity_reservation_preference":"default","capacity_reservation_target":[]}],"context":"","default_cooldown":300,"default_instance_warmup":0,"desired_capacity":1,"desired_capacity_type":"","enabled_metrics":null,"force_delete":false,"force_delete_warm_pool":false,"health_check_grace_period":300,"health_check_type":"EC2","id":"terraform-2026042621453127880000000c","ignore_failed_scaling_activities":false,"initial_lifecycle_hook":[],"instance_maintenance_policy":[],"instance_refresh":[],"launch_configuration":"","launch_template":[{"id":"lt-056d44a971969b9d5","name":"postagram-2026042621452514060000000a","version":"$Latest"}],"load_balancers":[],"max_instance_lifetime":0,"max_size":4,"metrics_granularity":"1Minute","min_elb_capacity":null,"min_size":1,"mixed_instances_policy":[],"name":"terraform-2026042621453127880000000c","name_prefix":"terraform-","placement_group":"","predicted_capacity":0,"protect_from_scale_in":false,"service_linked_role_arn":"arn:aws:iam::270269785879:role/aws-service-role/autoscaling.amazonaws.com/AWSServiceRoleForAutoScaling","suspended_processes":null,"tag":[{"key":"Name","propagate_at_launch":true,"value":"postagram-asg-instance"}],"target_group_arns":["arn:aws:elasticloadbalancing:us-east-1:270269785879:targetgroup/web-tg/8bb0ff7dea00d02d"],"termination_policies":null,"timeouts":null,"traffic_source":[{"identifier":"arn:aws:elasticloadbalancing:us-east-1:270269785879:targetgroup/web-tg/8bb0ff7dea00d02d","type":"elbv2"}],"vpc_zone_identifier":["subnet-00536e14860d290d4","subnet-02d9051476d20ae9a","subnet-030999210332b4565","subnet-0adeecfa3c9ce5e0c","subnet-0d893ac96f8ceb89e","subnet-0fa4b1f601cb74956"],"wait_for_capacity_timeout":"10m","wait_for_elb_capacity":null,"warm_pool":[],"warm_pool_size":0},"sensitive_attributes":[],"private":"eyJlMmJmYjczMC1lY2FhLTExZTYtOGY4OC0zNDM2M2JjN2M0YzAiOnsiZGVsZXRlIjo2MDAwMDAwMDAwMDAsInVwZGF0ZSI6NjAwMDAwMDAwMDAwfSwic2NoZW1hX3ZlcnNpb24iOiIxIn0=","dependencies":["aws_dynamodb_table.basic-dynamodb-table","aws_iam_instance_profile.ec2_instance_profile","aws_iam_role.ec2_role","aws_launch_template.ubuntu_template","aws_lb_target_group.web_tg","aws_s3_bucket.bucket","aws_security_group.web_sg","data.aws_subnets.default","data.aws_vpc.default"]}]},{"mode":"managed","type":"aws_dynamodb_table","name":"basic-dynamodb-table","provider":"provider[\"registry.opentofu.org/hashicorp/aws\"]","instances":[{"schema_version":1,"attributes":{"arn":"arn:aws:dynamodb:us-east-1:270269785879:table/postagram","attribute":[{"name":"id","type":"S"},{"name":"user","type":"S"}],"billing_mode":"PROVISIONED","deletion_protection_enabled":false,"global_secondary_index":[],"hash_key":"user","id":"postagram","import_table":[],"local_secondary_index":[],"name":"postagram","on_demand_throughput":[],"point_in_time_recovery":[{"enabled":false,"recovery_period_in_days":0}],"range_key":"id","read_capacity":5,"replica":[],"restore_date_time":null,"restore_source_name":null,"restore_source_table_arn":null,"restore_to_latest_time":null,"server_side_encryption":[],"stream_arn":"","stream_enabled":false,"stream_label":"","stream_view_type":"","table_class":"STANDARD","tags":null,"tags_all":{},"timeouts":null,"ttl":[{"attribute_name":"","enabled":false}],"write_capacity":5},"sensitive_attributes":[],"private":"eyJlMmJmYjczMC1lY2FhLTExZTYtOGY4OC0zNDM2M2JjN2M0YzAiOnsiY3JlYXRlIjoxODAwMDAwMDAwMDAwLCJkZWxldGUiOjYwMDAwMDAwMDAwMCwidXBkYXRlIjozNjAwMDAwMDAwMDAwfSwic2NoZW1hX3ZlcnNpb24iOiIxIn0="}]},{"mode":"managed","type":"aws_iam_instance_profile","name":"ec2_instance_profile","provider":"provider[\"registry.opentofu.org/hashicorp/aws\"]","instances":[{"schema_version":0,"attributes":{"arn":"arn:aws:iam::270269785879:instance-profile/postagram-ec2-instance-profile","create_date":"2026-04-26T21:45:16Z","id":"postagram-ec2-instance-profile","name":"postagram-ec2-instance-profile","name_prefix":"","path":"/","role":"postagram-ec2-role","tags":null,"tags_all":{},"unique_id":"AIPAT53KVU4LYLDJMY2CV"},"sensitive_attributes":[],"private":"bnVsbA==","dependencies":["aws_iam_role.ec2_role"]}]},{"mode":"managed","type":"aws_iam_role","name":"ec2_role","provider":"provider[\"registry.opentofu.org/hashicorp/aws\"]","instances":[{"schema_version":0,"attributes":{"arn":"arn:aws:iam::270269785879:role/postagram-ec2-role","assume_role_policy":"{\"Statement\":[{\"Action\":\"sts:AssumeRole\",\"Effect\":\"Allow\",\"Principal\":{\"Service\":\"ec2.amazonaws.com\"}}],\"Version\":\"2012-10-17\"}","create_date":"2026-04-26T21:45:15Z","description":"","force_detach_policies":false,"id":"postagram-ec2-role","inline_policy":[],"managed_policy_arns":[],"max_session_duration":3600,"name":"postagram-ec2-role","name_prefix":"","path":"/","permissions_boundary":"","tags":null,"tags_all":{},"unique_id":"AROAT53KVU4LR2D5X7LDV"},"sensitive_attributes":[],"private":"bnVsbA=="}]},{"mode":"managed","type":"aws_iam_role","name":"lambda_role","provider":"provider[\"registry.opentofu.org/hashicorp/aws\"]","instances":[{"schema_version":0,"attributes":{"arn":"arn:aws:iam::270269785879:role/postagram-lambda-role","assume_role_policy":"{\"Statement\":[{\"Action\":\"sts:AssumeRole\",\"Effect\":\"Allow\",\"Principal\":{\"Service\":\"lambda.amazonaws.com\"}}],\"Version\":\"2012-10-17\"}","create_date":"2026-04-26T21:45:15Z","description":"","force_detach_policies":false,"id":"postagram-lambda-role","inline_policy":[],"managed_policy_arns":[],"max_session_duration":3600,"name":"postagram-lambda-role","name_prefix":"","path":"/","permissions_boundary":"","tags":null,"tags_all":{},"unique_id":"AROAT53KVU4LZBECUNR32"},"sensitive_attributes":[],"private":"bnVsbA=="}]},{"mode":"managed","type":"aws_iam_role_policy_attachment","name":"ec2_dynamodb_access","provider":"provider[\"registry.opentofu.org/hashicorp/aws\"]","instances":[{"schema_version":0,"attributes":{"id":"postagram-ec2-role-20260426214518770100000008","policy_arn":"arn:aws:iam::aws:policy/AmazonDynamoDBFullAccess","role":"postagram-ec2-role"},"sensitive_attributes":[],"private":"bnVsbA==","dependencies":["aws_iam_role.ec2_role"]}]},{"mode":"managed","type":"aws_iam_role_policy_attachment","name":"ec2_rekognition_access","provider":"provider[\"registry.opentofu.org/hashicorp/aws\"]","instances":[{"schema_version":0,"attributes":{"id":"postagram-ec2-role-20260426214518602400000006","policy_arn":"arn:aws:iam::aws:policy/AmazonRekognitionFullAccess","role":"postagram-ec2-role"},"sensitive_attributes":[],"private":"bnVsbA==","dependencies":["aws_iam_role.ec2_role"]}]},{"mode":"managed","type":"aws_iam_role_policy_attachment","name":"ec2_s3_access","provider":"provider[\"registry.opentofu.org/hashicorp/aws\"]","instances":[{"schema_version":0,"attributes":{"id":"postagram-ec2-role-20260426214518806300000009","policy_arn":"arn:aws:iam::aws:policy/AmazonS3FullAccess","role":"postagram-ec2-role"},"sensitive_attributes":[],"private":"bnVsbA==","dependencies":["aws_iam_role.ec2_role"]}]},{"mode":"managed","type":"aws_iam_role_policy_attachment","name":"ec2_ssm_access","provider":"provider[\"registry.opentofu.org/hashicorp/aws\"]","instances":[{"schema_version":0,"attributes":{"id":"postagram-ec2-role-20260426214518626900000007","policy_arn":"arn:aws:iam::aws:policy/AmazonSSMManagedInstanceCore","role":"postagram-ec2-role"},"sensitive_attributes":[],"private":"bnVsbA==","dependencies":["aws_iam_role.ec2_role"]}]},{"mode":"managed","type":"aws_iam_role_policy_attachment","name":"lambda_basic_execution","provider":"provider[\"registry.opentofu.org/hashicorp/aws\"]","instances":[{"schema_version":0,"attributes":{"id":"postagram-lambda-role-20260426214518239000000003","policy_arn":"arn:aws:iam::aws:policy/service-role/AWSLambdaBasicExecutionRole","role":"postagram-lambda-role"},"sensitive_attributes":[],"private":"bnVsbA==","dependencies":["aws_iam_role.lambda_role"]}]},{"mode":"managed","type":"aws_iam_role_policy_attachment","name":"lambda_dynamodb_access","provider":"provider[\"registry.opentofu.org/hashicorp/aws\"]","instances":[{"schema_version":0,"attributes":{"id":"postagram-lambda-role-20260426214518487100000005","policy_arn":"arn:aws:iam::aws:policy/AmazonDynamoDBFullAccess","role":"postagram-lambda-role"},"sensitive_attributes":[],"private":"bnVsbA==","dependencies":["aws_iam_role.lambda_role"]}]},{"mode":"managed","type":"aws_iam_role_policy_attachment","name":"lambda_rekognition_access","provider":"provider[\"registry.opentofu.org/hashicorp/aws\"]","instances":[{"schema_version":0,"attributes":{"id":"postagram-lambda-role-20260426214518486000000004","policy_arn":"arn:aws:iam::aws:policy/AmazonRekognitionFullAccess","role":"postagram-lambda-role"},"sensitive_attributes":[],"private":"bnVsbA==","dependencies":["aws_iam_role.lambda_role"]}]},{"mode":"managed","type":"aws_iam_role_policy_attachment","name":"lambda_s3_access","provider":"provider[\"registry.opentofu.org/hashicorp/aws\"]","instances":[{"schema_version":0,"attributes":{"id":"postagram-lambda-role-20260426214518239000000002","policy_arn":"arn:aws:iam::aws:policy/AmazonS3FullAccess","role":"postagram-lambda-role"},"sensitive_attributes":[],"private":"bnVsbA==","dependencies":["aws_iam_role.lambda_role"]}]},{"mode":"managed","type":"aws_lambda_function","name":"lambda_function","provider":"provider[\"registry.opentofu.org/hashicorp/aws\"]","instances":[{"schema_version":0,"attributes":{"architectures":["x86_64"],"arn":"arn:aws:lambda:us-east-1:270269785879:function:postagram-label-detector","code_sha256":"bvUoaC5YzohOZ+pqKOtjOrb/hx4Uckx7IGUu14MvQNs=","code_signing_config_arn":"","dead_letter_config":[],"description":"","environment":[{"variables":{"DYNAMO_TABLE":"postagram"}}],"ephemeral_storage":[{"size":512}],"file_system_config":[],"filename":"./output/function.zip","function_name":"postagram-label-detector","handler":"lambda_function.lambda_handler","id":"postagram-label-detector","image_config":[],"image_uri":"","invoke_arn":"arn:aws:apigateway:us-east-1:lambda:path/2015-03-31/functions/arn:aws:lambda:us-east-1:270269785879:function:postagram-label-detector/invocations","kms_key_arn":"","last_modified":"2026-04-26T21:45:23.364+0000","layers":null,"logging_config":[{"application_log_level":"","log_format":"Text","log_group":"/aws/lambda/postagram-label-detector","system_log_level":""}],"memory_size":512,"package_type":"Zip","publish":false,"qualified_arn":"arn:aws:lambda:us-east-1:270269785879:function:postagram-label-detector:$LATEST","qualified_invoke_arn":"arn:aws:apigateway:us-east-1:lambda:path/2015-03-31/functions/arn:aws:lambda:us-east-1:270269785879:function:postagram-label-detector:$LATEST/invocations","replace_security_groups_on_destroy":null,"replacement_security_group_ids":null,"reserved_concurrent_executions":-1,"role":"arn:aws:iam::270269785879:role/postagram-lambda-role","runtime":"python3.13","s3_bucket":null,"s3_key":null,"s3_object_version":null,"signing_job_arn":"","signing_profile_version_arn":"","skip_destroy":false,"snap_start":[],"source_code_hash":"bvUoaC5YzohOZ+pqKOtjOrb/hx4Uckx7IGUu14MvQNs=","source_code_size":759,"tags":null,"tags_all":{},"timeout":30,"timeouts":null,"tracing_config":[{"mode":"PassThrough"}],"version":"$LATEST","vpc_config":[]},"sensitive_attributes":[],"private":"eyJlMmJmYjczMC1lY2FhLTExZTYtOGY4OC0zNDM2M2JjN2M0YzAiOnsiY3JlYXRlIjo2MDAwMDAwMDAwMDAsImRlbGV0ZSI6NjAwMDAwMDAwMDAwLCJ1cGRhdGUiOjYwMDAwMDAwMDAwMH19","dependencies":["aws_dynamodb_table.basic-dynamodb-table","aws_iam_role.lambda_role","data.archive_file.lambda_dir"]}]},{"mode":"managed","type":"aws_lambda_permission","name":"allow_from_S3","provider":"provider[\"registry.opentofu.org/hashicorp/aws\"]","instances":[{"schema_version":0,"attributes":{"action":"lambda:InvokeFunction","event_source_token":"","function_name":"postagram-label-detector","function_url_auth_type":"","id":"AllowExecutionFromS3Bucket","principal":"s3.amazonaws.com","principal_org_id":"","qualifier":"","source_account":"270269785879","source_arn":"arn:aws:s3:::postagram-20260426214517188700000001","statement_id":"AllowExecutionFromS3Bucket","statement_id_prefix":""},"sensitive_attributes":[],"private":"bnVsbA==","dependencies":["aws_dynamodb_table.basic-dynamodb-table","aws_iam_role.lambda_role","aws_lambda_function.lambda_function","aws_s3_bucket.bucket","data.archive_file.lambda_dir","data.aws_caller_identity.current"]}]},{"mode":"managed","type":"aws_launch_template","name":"ubuntu_template","provider":"provider[\"registry.opentofu.org/hashicorp/aws\"]","instances":[{"schema_version":0,"attributes":{"arn":"arn:aws:ec2:us-east-1:270269785879:launch-template/lt-056d44a971969b9d5","block_device_mappings":[{"device_name":"/dev/sda1","ebs":[{"delete_on_termination":"","encrypted":"","iops":0,"kms_key_id":"","snapshot_id":"","throughput":0,"volume_initialization_rate":0,"volume_size":8,"volume_type":"gp3"}],"no_device":"","virtual_name":""}],"capacity_reservation_specification":[],"cpu_options":[],"credit_specification":[],"default_version":1,"description":"","disable_api_stop":false,"disable_api_termination":false,"ebs_optimized":"","elastic_gpu_specifications":[],"elastic_inference_accelerator":[],"enclave_options":[],"hibernation_options":[],"iam_instance_profile":[{"arn":"","name":"postagram-ec2-instance-profile"}],"id":"lt-056d44a971969b9d5","image_id":"ami-084568db4383264d4","instance_initiated_shutdown_behavior":"","instance_market_options":[],"instance_requirements":[],"instance_type":"t3.micro","kernel_id":"","key_name":"","latest_version":1,"license_specification":[],"maintenance_options":[],"metadata_options":[],"monitoring":[],"name":"postagram-2026042621452514060000000a","name_prefix":"postagram-","network_interfaces":[],"placement":[],"private_dns_name_options":[],"ram_disk_id":"","security_group_names":null,"tag_specifications":[{"resource_type":"instance","tags":{"Name":"postagram-instance"}}],"tags":{"Name":"postagram"},"tags_all":{"Name":"postagram"},"update_default_version":null,"user_data":"IyEvYmluL2Jhc2gNCmV4ZWMgPiAvdmFyL2xvZy91c2VyLWRhdGEubG9nIDI+JjENCmVjaG8gInVzZXJkYXRhLXN0YXJ0Ig0Kc2V0IC1ldXgNCg0KYXB0IHVwZGF0ZQ0KYXB0IGluc3RhbGwgLXkgcHl0aG9uMy1waXAgcHl0aG9uMy4xMi12ZW52IGdpdA0KDQpjZCAvaG9tZS91YnVudHUNCg0KZ2l0IGNsb25lIGh0dHBzOi8vZ2l0aHViLmNvbS9Nb25lbHNvbi9wb3N0YWdyYW1fZW5zYWkuZ2l0IHByb2pldA0KY2QgcHJvamV0L3dlYnNlcnZpY2UNCg0KcHl0aG9uMyAtbSB2ZW52IHZlbnYNCnNvdXJjZSB2ZW52L2Jpbi9hY3RpdmF0ZQ0KDQpjYXQgPiAuZW52IDw8RU9GDQpCVUNLRVQ9cG9zdGFncmFtLTIwMjYwNDI2MjE0NTE3MTg4NzAwMDAwMDAxDQpEWU5BTU9fVEFCTEU9cG9zdGFncmFtDQpFT0YNCg0KZXhwb3J0IEJVQ0tFVD0icG9zdGFncmFtLTIwMjYwNDI2MjE0NTE3MTg4NzAwMDAwMDAxIg0KZXhwb3J0IERZTkFNT19UQUJMRT0icG9zdGFncmFtIg0KDQpwaXAgaW5zdGFsbCAtLXVwZ3JhZGUgcGlwDQpwaXAgaW5zdGFsbCAtciByZXF1aXJlbWVudHMudHh0DQoNCm5vaHVwIHZlbnYvYmluL3B5dGhvbiBhcHAucHkgPiBhcHAubG9nIDI+JjEgJg0KDQpzbGVlcCA1DQpjdXJsIC1JIGh0dHA6Ly9sb2NhbGhvc3Q6ODA4MC9kb2NzIHx8IHRydWUNCg0KZWNobyAidXNlcmRhdGEtZW5kIg==","vpc_security_group_ids":["sg-0321db08bdef55118"]},"sensitive_attributes":[],"private":"bnVsbA==","dependencies":["aws_dynamodb_table.basic-dynamodb-table","aws_iam_instance_profile.ec2_instance_profile","aws_iam_role.ec2_role","aws_s3_bucket.bucket","aws_security_group.web_sg","data.aws_vpc.default"]}]},{"mode":"managed","type":"aws_lb","name":"web_alb","provider":"provider[\"registry.opentofu.org/hashicorp/aws\"]","instances":[{"schema_version":0,"attributes":{"access_logs":[{"bucket":"","enabled":false,"prefix":""}],"arn":"arn:aws:elasticloadbalancing:us-east-1:270269785879:loadbalancer/app/web-alb/cdbf0a68e92fb464","arn_suffix":"app/web-alb/cdbf0a68e92fb464","client_keep_alive":3600,"connection_logs":[{"bucket":"","enabled":false,"prefix":""}],"customer_owned_ipv4_pool":"","desync_mitigation_mode":"defensive","dns_name":"web-alb-1334916391.us-east-1.elb.amazonaws.com","dns_record_client_routing_policy":null,"drop_invalid_header_fields":false,"enable_cross_zone_load_balancing":true,"enable_deletion_protection":false,"enable_http2":true,"enable_tls_version_and_cipher_suite_headers":false,"enable_waf_fail_open":false,"enable_xff_client_port":false,"enable_zonal_shift":false,"enforce_security_group_inbound_rules_on_private_link_traffic":"","id":"arn:aws:elasticloadbalancing:us-east-1:270269785879:loadbalancer/app/web-alb/cdbf0a68e92fb464","idle_timeout":60,"internal":false,"ip_address_type":"ipv4","ipam_pools":[],"load_balancer_type":"application","minimum_load_balancer_capacity":[],"name":"web-alb","name_prefix":"","preserve_host_header":false,"security_groups":["sg-0321db08bdef55118"],"subnet_mapping":[{"allocation_id":"","ipv6_address":"","outpost_id":"","private_ipv4_address":"","subnet_id":"subnet-00536e14860d290d4"},{"allocation_id":"","ipv6_address":"","outpost_id":"","private_ipv4_address":"","subnet_id":"subnet-02d9051476d20ae9a"},{"allocation_id":"","ipv6_address":"","outpost_id":"","private_ipv4_address":"","subnet_id":"subnet-030999210332b4565"},{"allocation_id":"","ipv6_address":"","outpost_id":"","private_ipv4_address":"","subnet_id":"subnet-0adeecfa3c9ce5e0c"},{"allocation_id":"","ipv6_address":"","outpost_id":"","private_ipv4_address":"","subnet_id":"subnet-0d893ac96f8ceb89e"},{"allocation_id":"","ipv6_address":"","outpost_id":"","private_ipv4_address":"","subnet_id":"subnet-0fa4b1f601cb74956"}],"subnets":["subnet-00536e14860d290d4","subnet-02d9051476d20ae9a","subnet-030999210332b4565","subnet-0adeecfa3c9ce5e0c","subnet-0d893ac96f8ceb89e","subnet-0fa4b1f601cb74956"],"tags":{"Name":"web-alb"},"tags_all":{"Name":"web-alb"},"timeouts":null,"vpc_id":"vpc-0c9fa93efd3c35ea5","xff_header_processing_mode":"append","zone_id":"Z35SXDOTRQ7X7K"},"sensitive_attributes":[],"private":"eyJlMmJmYjczMC1lY2FhLTExZTYtOGY4OC0zNDM2M2JjN2M0YzAiOnsiY3JlYXRlIjo2MDAwMDAwMDAwMDAsImRlbGV0ZSI6NjAwMDAwMDAwMDAwLCJ1cGRhdGUiOjYwMDAwMDAwMDAwMH19","dependencies":["aws_security_group.web_sg","data.aws_subnets.default","data.aws_vpc.default"]}]},{"mode":"managed","type":"aws_lb_listener","name":"http_listener","provider":"provider[\"registry.opentofu.org/hashicorp/aws\"]","instances":[{"schema_version":0,"attributes":{"alpn_policy":null,"arn":"arn:aws:elasticloadbalancing:us-east-1:270269785879:listener/app/web-alb/cdbf0a68e92fb464/1e403c4fa0067195","certificate_arn":null,"default_action":[{"authenticate_cognito":[],"authenticate_oidc":[],"fixed_response":[],"forward":[],"order":1,"redirect":[],"target_group_arn":"arn:aws:elasticloadbalancing:us-east-1:270269785879:targetgroup/web-tg/8bb0ff7dea00d02d","type":"forward"}],"id":"arn:aws:elasticloadbalancing:us-east-1:270269785879:listener/app/web-alb/cdbf0a68e92fb464/1e403c4fa0067195","load_balancer_arn":"arn:aws:elasticloadbalancing:us-east-1:270269785879:loadbalancer/app/web-alb/cdbf0a68e92fb464","mutual_authentication":[],"port":80,"protocol":"HTTP","routing_http_request_x_amzn_mtls_clientcert_header_name":null,"routing_http_request_x_amzn_mtls_clientcert_issuer_header_name":null,"routing_http_request_x_amzn_mtls_clientcert_leaf_header_name":null,"routing_http_request_x_amzn_mtls_clientcert_serial_number_header_name":null,"routing_http_request_x_amzn_mtls_clientcert_subject_header_name":null,"routing_http_request_x_amzn_mtls_clientcert_validity_header_name":null,"routing_http_request_x_amzn_tls_cipher_suite_header_name":null,"routing_http_request_x_amzn_tls_version_header_name":null,"routing_http_response_access_control_allow_credentials_header_value":"","routing_http_response_access_control_allow_headers_header_value":"","routing_http_response_access_control_allow_methods_header_value":"","routing_http_response_access_control_allow_origin_header_value":"","routing_http_response_access_control_expose_headers_header_value":"","routing_http_response_access_control_max_age_header_value":"","routing_http_response_content_security_policy_header_value":"","routing_http_response_server_enabled":true,"routing_http_response_strict_transport_security_header_value":"","routing_http_response_x_content_type_options_header_value":"","routing_http_response_x_frame_options_header_value":"","ssl_policy":"","tags":null,"tags_all":{},"tcp_idle_timeout_seconds":null,"timeouts":null},"sensitive_attributes":[],"private":"eyJlMmJmYjczMC1lY2FhLTExZTYtOGY4OC0zNDM2M2JjN2M0YzAiOnsiY3JlYXRlIjozMDAwMDAwMDAwMDAsInVwZGF0ZSI6MzAwMDAwMDAwMDAwfX0=","dependencies":["aws_lb.web_alb","aws_lb_target_group.web_tg","aws_security_group.web_sg","data.aws_subnets.default","data.aws_vpc.default"]}]},{"mode":"managed","type":"aws_lb_target_group","name":"web_tg","provider":"provider[\"registry.opentofu.org/hashicorp/aws\"]","instances":[{"schema_version":0,"attributes":{"arn":"arn:aws:elasticloadbalancing:us-east-1:270269785879:targetgroup/web-tg/8bb0ff7dea00d02d","arn_suffix":"targetgroup/web-tg/8bb0ff7dea00d02d","connection_termination":null,"deregistration_delay":"300","health_check":[{"enabled":true,"healthy_threshold":2,"interval":30,"matcher":"200","path":"/docs","port":"traffic-port","protocol":"HTTP","timeout":5,"unhealthy_threshold":5}],"id":"arn:aws:elasticloadbalancing:us-east-1:270269785879:targetgroup/web-tg/8bb0ff7dea00d02d","ip_address_type":"ipv4","lambda_multi_value_headers_enabled":false,"load_balancer_arns":[],"load_balancing_algorithm_type":"round_robin","load_balancing_anomaly_mitigation":"off","load_balancing_cross_zone_enabled":"use_load_balancer_configuration","name":"web-tg","name_prefix":"","port":8080,"preserve_client_ip":null,"protocol":"HTTP","protocol_version":"HTTP1","proxy_protocol_v2":false,"slow_start":0,"stickiness":[{"cookie_duration":86400,"cookie_name":"","enabled":false,"type":"lb_cookie"}],"tags":{"Name":"web-tg"},"tags_all":{"Name":"web-tg"},"target_failover":[{"on_deregistration":null,"on_unhealthy":null}],"target_group_health":[{"dns_failover":[{"minimum_healthy_targets_count":"1","minimum_healthy_targets_percentage":"off"}],"unhealthy_state_routing":[{"minimum_healthy_targets_count":1,"minimum_healthy_targets_percentage":"off"}]}],"target_health_state":[{"enable_unhealthy_connection_termination":null,"unhealthy_draining_interval":null}],"target_type":"instance","vpc_id":"vpc-0c9fa93efd3c35ea5"},"sensitive_attributes":[],"private":"bnVsbA==","dependencies":["data.aws_vpc.default"]}]},{"mode":"managed","type":"aws_s3_bucket","name":"bucket","provider":"provider[\"registry.opentofu.org/hashicorp/aws\"]","instances":[{"schema_version":0,"attributes":{"acceleration_status":"","acl":null,"arn":"arn:aws:s3:::postagram-20260426214517188700000001","bucket":"postagram-20260426214517188700000001","bucket_domain_name":"postagram-20260426214517188700000001.s3.amazonaws.com","bucket_prefix":"postagram-","bucket_regional_domain_name":"postagram-20260426214517188700000001.s3.us-east-1.amazonaws.com","cors_rule":[],"force_destroy":true,"grant":[{"id":"4c1e2cd3a6c4971c53419aae5586d502fb8a35f9d83438d4bfae0906749882e6","permissions":["FULL_CONTROL"],"type":"CanonicalUser","uri":""}],"hosted_zone_id":"Z3AQBSTGFYJSTF","id":"postagram-20260426214517188700000001","lifecycle_rule":[],"logging":[],"object_lock_configuration":[],"object_lock_enabled":false,"policy":"","region":"us-east-1","replication_configuration":[],"request_payer":"BucketOwner","server_side_encryption_configuration":[{"rule":[{"apply_server_side_encryption_by_default":[{"kms_master_key_id":"","sse_algorithm":"AES256"}],"bucket_key_enabled":false}]}],"tags":null,"tags_all":{},"timeouts":null,"versioning":[{"enabled":false,"mfa_delete":false}],"website":[],"website_domain":null,"website_endpoint":null},"sensitive_attributes":[],"private":"eyJlMmJmYjczMC1lY2FhLTExZTYtOGY4OC0zNDM2M2JjN2M0YzAiOnsiY3JlYXRlIjoxMjAwMDAwMDAwMDAwLCJkZWxldGUiOjM2MDAwMDAwMDAwMDAsInJlYWQiOjEyMDAwMDAwMDAwMDAsInVwZGF0ZSI6MTIwMDAwMDAwMDAwMH19"}]},{"mode":"managed","type":"aws_s3_bucket_cors_configuration","name":"cors_bucket","provider":"provider[\"registry.opentofu.org/hashicorp/aws\"]","instances":[{"schema_version":0,"attributes":{"bucket":"postagram-20260426214517188700000001","cors_rule":[{"allowed_headers":["*"],"allowed_methods":["GET","HEAD","PUT"],"allowed_origins":["*"],"expose_headers":[],"id":"","max_age_seconds":null}],"expected_bucket_owner":"","id":"postagram-20260426214517188700000001"},"sensitive_attributes":[],"private":"bnVsbA==","dependencies":["aws_s3_bucket.bucket"]}]},{"mode":"managed","type":"aws_s3_bucket_notification","name":"bucket_notification","provider":"provider[\"registry.opentofu.org/hashicorp/aws\"]","instances":[{"schema_version":0,"attributes":{"bucket":"postagram-20260426214517188700000001","eventbridge":false,"id":"postagram-20260426214517188700000001","lambda_function":[{"events":["s3:ObjectCreated:*"],"filter_prefix":"","filter_suffix":"","id":"tf-s3-lambda-2026042621453202370000000d","lambda_function_arn":"arn:aws:lambda:us-east-1:270269785879:function:postagram-label-detector"}],"queue":[],"topic":[]},"sensitive_attributes":[],"private":"bnVsbA==","dependencies":["aws_dynamodb_table.basic-dynamodb-table","aws_iam_role.lambda_role","aws_lambda_function.lambda_function","aws_lambda_permission.allow_from_S3","aws_s3_bucket.bucket","data.archive_file.lambda_dir","data.aws_caller_identity.current"]}]},{"mode":"managed","type":"aws_security_group","name":"web_sg","provider":"provider[\"registry.opentofu.org/hashicorp/aws\"]","instances":[{"schema_version":1,"attributes":{"arn":"arn:aws:ec2:us-east-1:270269785879:security-group/sg-0321db08bdef55118","description":"Autorise SSH et HTTP  en entree, tout en sortie","egress":[{"cidr_blocks":["0.0.0.0/0"],"description":"Tout trafic sortant","from_port":0,"ipv6_cidr_blocks":[],"prefix_list_ids":[],"protocol":"-1","security_groups":[],"self":false,"to_port":0}],"id":"sg-0321db08bdef55118","ingress":[{"cidr_blocks":["0.0.0.0/0"],"description":"HTTP","from_port":80,"ipv6_cidr_blocks":[],"prefix_list_ids":[],"protocol":"tcp","security_groups":[],"self":false,"to_port":80},{"cidr_blocks":["0.0.0.0/0"],"description":"SSH","from_port":22,"ipv6_cidr_blocks":[],"prefix_list_ids":[],"protocol":"tcp","security_groups":[],"self":false,"to_port":22}],"name":"tp-note","name_prefix":"","owner_id":"270269785879","revoke_rules_on_delete":false,"tags":{"Name":"web-sg"},"tags_all":{"Name":"web-sg"},"timeouts":null,"vpc_id":"vpc-0c9fa93efd3c35ea5"},"sensitive_attributes":[],"private":"eyJlMmJmYjczMC1lY2FhLTExZTYtOGY4OC0zNDM2M2JjN2M0YzAiOnsiY3JlYXRlIjo2MDAwMDAwMDAwMDAsImRlbGV0ZSI6OTAwMDAwMDAwMDAwfSwic2NoZW1hX3ZlcnNpb24iOiIxIn0=","dependencies":["data.aws_vpc.default"]}]},{"mode":"managed","type":"aws_security_group_rule","name":"allow_8080","provider":"provider[\"registry.opentofu.org/hashicorp/aws\"]","instances":[{"schema_version":2,"attributes":{"cidr_blocks":["0.0.0.0/0"],"description":null,"from_port":8080,"id":"sgrule-84270580","ipv6_cidr_blocks":null,"prefix_list_ids":null,"protocol":"tcp","security_group_id":"sg-0321db08bdef55118","security_group_rule_id":"sgr-078b7d46cde3c5415","self":false,"source_security_group_id":null,"timeouts":null,"to_port":8080,"type":"ingress"},"sensitive_attributes":[],"private":"eyJlMmJmYjczMC1lY2FhLTExZTYtOGY4OC0zNDM2M2JjN2M0YzAiOnsiY3JlYXRlIjozMDAwMDAwMDAwMDB9LCJzY2hlbWFfdmVyc2lvbiI6IjIifQ==","dependencies":["aws_security_group.web_sg","data.aws_vpc.default"]}]}],"check_results":null}
